
Microsoft Visual Studio Solution File, Format Version 12.00
# Visual Studio 14
VisualStudioVersion = 14.0.25420.1
MinimumVisualStudioVersion = 10.0.40219.1
Project("{FAE04EC0-301F-11D3-BF4B-00C04F79EFBC}") = "MrJackApp.DTO", "MrJackApp.DTO\MrJackApp.DTO.csproj", "{F2739FC9-FB09-4BAA-8D56-179BC21A7667}"
EndProject
Project("{2150E333-8FDC-42A3-9474-1A3956D46DE8}") = "Client", "Client", "{1EC46F7E-4DF0-4C29-B5B8-4206E771A0D0}"
EndProject
Project("{2150E333-8FDC-42A3-9474-1A3956D46DE8}") = "Server", "Server", "{7BAF8BBE-7AB3-4975-B155-E8CFCE334CBD}"
EndProject
Project("{2150E333-8FDC-42A3-9474-1A3956D46DE8}") = "Common", "Common", "{E73D1F66-020B-4B7A-9C2C-3A518178F9A1}"
EndProject
Project("{FAE04EC0-301F-11D3-BF4B-00C04F79EFBC}") = "MrJackApp.UI", "MrJackApp.UI\MrJackApp.UI.csproj", "{69C7E44F-F99B-4D27-BFB7-344151DDFC7C}"
EndProject
Project("{FAE04EC0-301F-11D3-BF4B-00C04F79EFBC}") = "MrJackApp.WCFContract", "MrJackApp.WCFContract\MrJackApp.WCFContract.csproj", "{CC84521A-B9A3-46B6-9303-2CDF96E38D10}"
EndProject
Project("{FAE04EC0-301F-11D3-BF4B-00C04F79EFBC}") = "MrJackApp.Engine", "MrJackApp.Engine\MrJackApp.Engine.csproj", "{C868E7E0-B06D-4585-B9BA-4A806ACB24C4}"
EndProject
Project("{FAE04EC0-301F-11D3-BF4B-00C04F79EFBC}") = "MrJackApp.WCFService", "MrJackApp.WCFService\MrJackApp.WCFService.csproj", "{BE96F12A-3568-436C-A0B8-FD6B66917362}"
EndProject
Project("{FAE04EC0-301F-11D3-BF4B-00C04F79EFBC}") = "MrJackApp.Server", "MrJackApp.Server\MrJackApp.Server.csproj", "{9CCF09D5-ED80-491F-BB80-21D6C745848F}"
EndProject
Project("{FAE04EC0-301F-11D3-BF4B-00C04F79EFBC}") = "MrJackApp.WCFServiceClient", "MrJackApp.WCFServiceClient\MrJackApp.WCFServiceClient.csproj", "{3F2546D7-CF7F-4552-B99C-9D8A0016F7A8}"
EndProject
Project("{FAE04EC0-301F-11D3-BF4B-00C04F79EFBC}") = "MrJackApp.WCFServiceCallback", "MrJackApp.WCFServiceCallback\MrJackApp.WCFServiceCallback.csproj", "{10E24F73-ED2B-434B-994F-AE726152D83A}"
EndProject
Project("{FAE04EC0-301F-11D3-BF4B-00C04F79EFBC}") = "MrJackApp.ViewModel", "MrJackApp.ViewModel\MrJackApp.ViewModel.csproj", "{BA65A86A-F381-47FF-AE38-39E2D640B083}"
EndProject
Project("{FAE04EC0-301F-11D3-BF4B-00C04F79EFBC}") = "MrJackApp.Converter", "MrJackApp.Converter\MrJackApp.Converter.csproj", "{3EC728AF-AB64-4DC4-8BC3-92E6E6FD6B46}"
EndProject
Project("{FAE04EC0-301F-11D3-BF4B-00C04F79EFBC}") = "MrJackApp.View", "MrJackApp.View\MrJackApp.View.csproj", "{BCE270BC-301A-449A-86D8-1FA9D4AFC1DB}"
EndProject
Project("{FAE04EC0-301F-11D3-BF4B-00C04F79EFBC}") = "MrJackApp.Resource", "MrJackApp.Resource\MrJackApp.Resource.csproj", "{BA4BF2DF-EDA1-483B-993B-3608DA03C67C}"
EndProject
Global
	GlobalSection(SolutionConfigurationPlatforms) = preSolution
		Debug|Any CPU = Debug|Any CPU
		Release|Any CPU = Release|Any CPU
	EndGlobalSection
	GlobalSection(ProjectConfigurationPlatforms) = postSolution
		{F2739FC9-FB09-4BAA-8D56-179BC21A7667}.Debug|Any CPU.ActiveCfg = Debug|Any CPU
		{F2739FC9-FB09-4BAA-8D56-179BC21A7667}.Debug|Any CPU.Build.0 = Debug|Any CPU
		{F2739FC9-FB09-4BAA-8D56-179BC21A7667}.Release|Any CPU.ActiveCfg = Release|Any CPU
		{F2739FC9-FB09-4BAA-8D56-179BC21A7667}.Release|Any CPU.Build.0 = Release|Any CPU
		{69C7E44F-F99B-4D27-BFB7-344151DDFC7C}.Debug|Any CPU.ActiveCfg = Debug|Any CPU
		{69C7E44F-F99B-4D27-BFB7-344151DDFC7C}.Debug|Any CPU.Build.0 = Debug|Any CPU
		{69C7E44F-F99B-4D27-BFB7-344151DDFC7C}.Release|Any CPU.ActiveCfg = Release|Any CPU
		{69C7E44F-F99B-4D27-BFB7-344151DDFC7C}.Release|Any CPU.Build.0 = Release|Any CPU
		{CC84521A-B9A3-46B6-9303-2CDF96E38D10}.Debug|Any CPU.ActiveCfg = Debug|Any CPU
		{CC84521A-B9A3-46B6-9303-2CDF96E38D10}.Debug|Any CPU.Build.0 = Debug|Any CPU
		{CC84521A-B9A3-46B6-9303-2CDF96E38D10}.Release|Any CPU.ActiveCfg = Release|Any CPU
		{CC84521A-B9A3-46B6-9303-2CDF96E38D10}.Release|Any CPU.Build.0 = Release|Any CPU
		{C868E7E0-B06D-4585-B9BA-4A806ACB24C4}.Debug|Any CPU.ActiveCfg = Debug|Any CPU
		{C868E7E0-B06D-4585-B9BA-4A806ACB24C4}.Debug|Any CPU.Build.0 = Debug|Any CPU
		{C868E7E0-B06D-4585-B9BA-4A806ACB24C4}.Release|Any CPU.ActiveCfg = Release|Any CPU
		{C868E7E0-B06D-4585-B9BA-4A806ACB24C4}.Release|Any CPU.Build.0 = Release|Any CPU
		{BE96F12A-3568-436C-A0B8-FD6B66917362}.Debug|Any CPU.ActiveCfg = Debug|Any CPU
		{BE96F12A-3568-436C-A0B8-FD6B66917362}.Debug|Any CPU.Build.0 = Debug|Any CPU
		{BE96F12A-3568-436C-A0B8-FD6B66917362}.Release|Any CPU.ActiveCfg = Release|Any CPU
		{BE96F12A-3568-436C-A0B8-FD6B66917362}.Release|Any CPU.Build.0 = Release|Any CPU
		{9CCF09D5-ED80-491F-BB80-21D6C745848F}.Debug|Any CPU.ActiveCfg = Debug|Any CPU
		{9CCF09D5-ED80-491F-BB80-21D6C745848F}.Debug|Any CPU.Build.0 = Debug|Any CPU
		{9CCF09D5-ED80-491F-BB80-21D6C745848F}.Release|Any CPU.ActiveCfg = Release|Any CPU
		{9CCF09D5-ED80-491F-BB80-21D6C745848F}.Release|Any CPU.Build.0 = Release|Any CPU
		{3F2546D7-CF7F-4552-B99C-9D8A0016F7A8}.Debug|Any CPU.ActiveCfg = Debug|Any CPU
		{3F2546D7-CF7F-4552-B99C-9D8A0016F7A8}.Debug|Any CPU.Build.0 = Debug|Any CPU
		{3F2546D7-CF7F-4552-B99C-9D8A0016F7A8}.Release|Any CPU.ActiveCfg = Release|Any CPU
		{3F2546D7-CF7F-4552-B99C-9D8A0016F7A8}.Release|Any CPU.Build.0 = Release|Any CPU
		{10E24F73-ED2B-434B-994F-AE726152D83A}.Debug|Any CPU.ActiveCfg = Debug|Any CPU
		{10E24F73-ED2B-434B-994F-AE726152D83A}.Debug|Any CPU.Build.0 = Debug|Any CPU
		{10E24F73-ED2B-434B-994F-AE726152D83A}.Release|Any CPU.ActiveCfg = Release|Any CPU
		{10E24F73-ED2B-434B-994F-AE726152D83A}.Release|Any CPU.Build.0 = Release|Any CPU
		{BA65A86A-F381-47FF-AE38-39E2D640B083}.Debug|Any CPU.ActiveCfg = Debug|Any CPU
		{BA65A86A-F381-47FF-AE38-39E2D640B083}.Debug|Any CPU.Build.0 = Debug|Any CPU
		{BA65A86A-F381-47FF-AE38-39E2D640B083}.Release|Any CPU.ActiveCfg = Release|Any CPU
		{BA65A86A-F381-47FF-AE38-39E2D640B083}.Release|Any CPU.Build.0 = Release|Any CPU
		{3EC728AF-AB64-4DC4-8BC3-92E6E6FD6B46}.Debug|Any CPU.ActiveCfg = Debug|Any CPU
		{3EC728AF-AB64-4DC4-8BC3-92E6E6FD6B46}.Debug|Any CPU.Build.0 = Debug|Any CPU
		{3EC728AF-AB64-4DC4-8BC3-92E6E6FD6B46}.Release|Any CPU.ActiveCfg = Release|Any CPU
		{3EC728AF-AB64-4DC4-8BC3-92E6E6FD6B46}.Release|Any CPU.Build.0 = Release|Any CPU
		{BCE270BC-301A-449A-86D8-1FA9D4AFC1DB}.Debug|Any CPU.ActiveCfg = Debug|Any CPU
		{BCE270BC-301A-449A-86D8-1FA9D4AFC1DB}.Debug|Any CPU.Build.0 = Debug|Any CPU
		{BCE270BC-301A-449A-86D8-1FA9D4AFC1DB}.Release|Any CPU.ActiveCfg = Release|Any CPU
		{BCE270BC-301A-449A-86D8-1FA9D4AFC1DB}.Release|Any CPU.Build.0 = Release|Any CPU
		{BA4BF2DF-EDA1-483B-993B-3608DA03C67C}.Debug|Any CPU.ActiveCfg = Debug|Any CPU
		{BA4BF2DF-EDA1-483B-993B-3608DA03C67C}.Debug|Any CPU.Build.0 = Debug|Any CPU
		{BA4BF2DF-EDA1-483B-993B-3608DA03C67C}.Release|Any CPU.ActiveCfg = Release|Any CPU
		{BA4BF2DF-EDA1-483B-993B-3608DA03C67C}.Release|Any CPU.Build.0 = Release|Any CPU
	EndGlobalSection
	GlobalSection(SolutionProperties) = preSolution
		HideSolutionNode = FALSE
	EndGlobalSection
	GlobalSection(NestedProjects) = preSolution
		{F2739FC9-FB09-4BAA-8D56-179BC21A7667} = {E73D1F66-020B-4B7A-9C2C-3A518178F9A1}
		{69C7E44F-F99B-4D27-BFB7-344151DDFC7C} = {1EC46F7E-4DF0-4C29-B5B8-4206E771A0D0}
		{CC84521A-B9A3-46B6-9303-2CDF96E38D10} = {E73D1F66-020B-4B7A-9C2C-3A518178F9A1}
		{C868E7E0-B06D-4585-B9BA-4A806ACB24C4} = {7BAF8BBE-7AB3-4975-B155-E8CFCE334CBD}
		{BE96F12A-3568-436C-A0B8-FD6B66917362} = {7BAF8BBE-7AB3-4975-B155-E8CFCE334CBD}
		{9CCF09D5-ED80-491F-BB80-21D6C745848F} = {7BAF8BBE-7AB3-4975-B155-E8CFCE334CBD}
		{3F2546D7-CF7F-4552-B99C-9D8A0016F7A8} = {1EC46F7E-4DF0-4C29-B5B8-4206E771A0D0}
		{10E24F73-ED2B-434B-994F-AE726152D83A} = {1EC46F7E-4DF0-4C29-B5B8-4206E771A0D0}
		{BA65A86A-F381-47FF-AE38-39E2D640B083} = {1EC46F7E-4DF0-4C29-B5B8-4206E771A0D0}
		{3EC728AF-AB64-4DC4-8BC3-92E6E6FD6B46} = {1EC46F7E-4DF0-4C29-B5B8-4206E771A0D0}
		{BCE270BC-301A-449A-86D8-1FA9D4AFC1DB} = {1EC46F7E-4DF0-4C29-B5B8-4206E771A0D0}
		{BA4BF2DF-EDA1-483B-993B-3608DA03C67C} = {1EC46F7E-4DF0-4C29-B5B8-4206E771A0D0}
	EndGlobalSection
	GlobalSection(ExtensibilityGlobals) = postSolution
		SolutionGuid = {D56C231A-BC45-4B57-ACA2-477C8CC624BE}
	EndGlobalSection
EndGlobal
